github.com/CosmWasm/tinyjson v0.9.0 h1:sPjgikATp5W0vD/v/Qz99uQ6G/lh/SuK0Wfskqua4Co=
github.com/CosmWasm/tinyjson v0.9.0/go.mod h1:5+7QnSKrkIWnpIdhUT2t2EYzXnII3/3MlM0oDsBSbc8=
github.com/buger/jsonparser v1.1.1 h1:2PnMjfWD7wBILjqQbt530v576A/cAbQvEW9gGIpYMUs=
github.com/buger/jsonparser v1.1.1/go.mod h1:6RYKKt7H4d4+iWqouImQ9R2FZql3VbhNgx27UK13J/0=
github.com/josharian/intern v1.0.0 h1:vlS4z54oSdjm0bgjRigI+G1HpF+tI+9rE5LLzOg8HmY=
github.com/josharian/intern v1.0.0/go.mod h1:5DoeVV0s6jJacbCEi61lwdGj/aVlrQvzHFFd8Hwg//Y=
github.com/magefile/mage v1.14.0 h1:6QDX3g6z1YvJ4olPhT1wksUcSa/V0a1B+pJb73fBjyo=
github.com/magefile/mage v1.14.0/go.mod h1:z5UZb/iS3GoOSn0JgWuiw7dxlurVYTu+/jHXqQg881A=
github.com/pkg/errors v0.9.1 h1:FEBLx1zS214owpjy7qsBeixbURkuhQAwrK5UwLGTwt4=
github.com/pkg/errors v0.9.1/go.mod h1:bwawxfHBFNV+L2hUp1rHADufV3IMtnDRdf1r5NINEl0=
github.com/streamdal/dataqual v0.0.16 h1:bn48zwhNK7lCNeSWxEawHS7xEM6jjnHNqhxqrqXjMPk=
github.com/streamdal/dataqual v0.0.16/go.mod h1:QqI89FAspmsnjqbcmwn7PHVRHoLWNE6samajv99tSv0=
github.com/streamdal/pii v0.0.4-0.20230607185452-2896fc3a28a4 h1:dyhUHNJ9sApY4ND3UAyjyeZXwa3WiFyNUDME1CfUe6I=
github.com/streamdal/pii v0.0.4-0.20230607185452-2896fc3a28a4/go.mod h1:w9abah7PCw1Z2xQqvk0AVS48cbKTE3EpA39M0/P02uw=
github.com/tetratelabs/wazero v1.2.0 h1:I/8LMf4YkCZ3r2XaL9whhA0VMyAvF6QE+O7rco0DCeQ=
github.com/tetratelabs/wazero v1.2.0/go.mod h1:wYx2gNRg8/WihJfSDxA1TIL8H+GkfLYm+bIfbblu9VQ=
github.com/tidwall/gjson v1.14.1 h1:iymTbGkQBhveq21bEvAQ81I0LEBork8BFe1CUZXdyuo=
github.com/tidwall/gjson v1.14.1/go.mod h1:/wbyibRr2FHMks5tjHJ5F8dMZh3AcwJEMf5vlfC0lxk=
github.com/tidwall/match v1.1.1 h1:+Ho715JplO36QYgwN9PGYNhgZvoUSc9X2c80KVTi+GA=
github.com/tidwall/match v1.1.1/go.mod h1:eRSPERbgtNPcGhD8UCthc6PmLEQXEWd3PRB5JTxsfmM=
github.com/tidwall/pretty v1.2.0 h1:RWIZEg2iJ8/g6fDDYzMpobmaoGh5OLl4AXtGUGPcqCs=
github.com/tidwall/pretty v1.2.0/go.mod h1:ITEVvHYasfjBbM0u2Pg8T2nJnzm8xPwvNhhsoaGGjNU=
github.com/wasilibs/go-re2 v1.1.0 h1:RF/qHrnaFRIYaxnDFIZ4I8cZJTU+wE9DkOHtEHOUA18=
github.com/wasilibs/go-re2 v1.1.0/go.mod h1:9j8kG6X6t8KQoB9odr0+WEieocbZwbKUgTo8GjNUdV4=
github.com/wasilibs/nottinygc v0.2.0 h1:cXz2Ac9bVMLkpuOlUlPQMWowjw0K2cOErXZOFdAj7yE=
