github.com/CosmWasm/tinyjson v0.9.0 h1:sPjgikATp5W0vD/v/Qz99uQ6G/lh/SuK0Wfskqua4Co=
github.com/CosmWasm/tinyjson v0.9.0/go.mod h1:5+7QnSKrkIWnpIdhUT2t2EYzXnII3/3MlM0oDsBSbc8=
github.com/buger/jsonparser v1.1.1 h1:2PnMjfWD7wBILjqQbt530v576A/cAbQvEW9gGIpYMUs=
github.com/buger/jsonparser v1.1.1/go.mod h1:6RYKKt7H4d4+iWqouImQ9R2FZql3VbhNgx27UK13J/0=
github.com/josharian/intern v1.0.0 h1:vlS4z54oSdjm0bgjRigI+G1HpF+tI+9rE5LLzOg8HmY=
github.com/josharian/intern v1.0.0/go.mod h1:5DoeVV0s6jJacbCEi61lwdGj/aVlrQvzHFFd8Hwg//Y=
github.com/magefile/mage v1.15.0 h1:BvGheCMAsG3bWUDbZ8AyXXpCNwU9u5CB6sM+HNb9HYg=
github.com/magefile/mage v1.15.0/go.mod h1:z5UZb/iS3GoOSn0JgWuiw7dxlurVYTu+/jHXqQg881A=
github.com/pkg/errors v0.9.1 h1:FEBLx1zS214owpjy7qsBeixbURkuhQAwrK5UwLGTwt4=
github.com/pkg/errors v0.9.1/go.mod h1:bwawxfHBFNV+L2hUp1rHADufV3IMtnDRdf1r5NINEl0=
github.com/streamdal/dataqual v0.0.22 h1:sI1f0Kp9EBgyhVT1hSFrhwaesLux1jugDPhmVFlCOlM=
github.com/streamdal/dataqual v0.0.22/go.mod h1:bD2iq74luM6iBaVGVLHZ8FXDbWQWlHVw7xtAt5SR0Rw=
github.com/streamdal/pii v0.0.4-0.20230607185452-2896fc3a28a4 h1:dyhUHNJ9sApY4ND3UAyjyeZXwa3WiFyNUDME1CfUe6I=
github.com/streamdal/pii v0.0.4-0.20230607185452-2896fc3a28a4/go.mod h1:w9abah7PCw1Z2xQqvk0AVS48cbKTE3EpA39M0/P02uw=
github.com/streamdal/snitch-go-client v0.0.24 h1:bnEBVWA1MPopNJECx/pJWC6lqf0EdTUAc7zN/cKPoTU=
github.com/streamdal/snitch-go-client v0.0.24/go.mod h1:+26zTfLRgsIlCUCR1lbCUYJF+giAApqFyqdF2WWO4qc=
github.com/tetratelabs/wazero v1.2.1 h1:J4X2hrGzJvt+wqltuvcSjHQ7ujQxA9gb6PeMs4qlUWs=
github.com/tetratelabs/wazero v1.2.1/go.mod h1:wYx2gNRg8/WihJfSDxA1TIL8H+GkfLYm+bIfbblu9VQ=
github.com/tidwall/gjson v1.14.4 h1:uo0p8EbA09J7RQaflQ1aBRffTR7xedD2bcIVSYxLnkM=
github.com/tidwall/gjson v1.14.4/go.mod h1:/wbyibRr2FHMks5tjHJ5F8dMZh3AcwJEMf5vlfC0lxk=
github.com/tidwall/match v1.1.1 h1:+Ho715JplO36QYgwN9PGYNhgZvoUSc9X2c80KVTi+GA=
github.com/tidwall/match v1.1.1/go.mod h1:eRSPERbgtNPcGhD8UCthc6PmLEQXEWd3PRB5JTxsfmM=
github.com/tidwall/pretty v1.2.0/go.mod h1:ITEVvHYasfjBbM0u2Pg8T2nJnzm8xPwvNhhsoaGGjNU=
github.com/tidwall/pretty v1.2.1 h1:qjsOFOWWQl+N3RsoF5/ssm1pHmJJwhjlSbZ51I6wMl4=
github.com/tidwall/pretty v1.2.1/go.mod h1:ITEVvHYasfjBbM0u2Pg8T2nJnzm8xPwvNhhsoaGGjNU=
github.com/wasilibs/go-re2 v1.3.0 h1:LFhBNzoStM3wMie6rN2slD1cuYH2CGiHpvNL3UtcsMw=
github.com/wasilibs/go-re2 v1.3.0/go.mod h1:AafrCXVvGRJJOImMajgJ2M7rVmWyisVK7sFshbxnVrg=
github.com/wasilibs/nottinygc v0.4.0 h1:h1TJMihMC4neN6Zq+WKpLxgd9xCFMw7O9ETLwY2exJQ=
